
Microsoft Visual Studio Solution File, Format Version 12.00
# Visual Studio 15
VisualStudioVersion = 15.0.27428.2037
MinimumVisualStudioVersion = 10.0.40219.1
Project("{9A19103F-16F7-4668-BE54-9A1E7A4F7556}") = "App.Web", "App.Web\App.Web.csproj", "{2E96EE9B-21AC-4779-A07C-308B3C939F49}"
EndProject
Project("{9A19103F-16F7-4668-BE54-9A1E7A4F7556}") = "App.Data", "App.Data\App.Data.csproj", "{AAC882E7-F42F-4C89-ACC1-045F2E3FE2C1}"
EndProject
Project("{9A19103F-16F7-4668-BE54-9A1E7A4F7556}") = "App.Data.EF", "App.Data.EF\App.Data.EF.csproj", "{2AE5A956-EC6A-4A77-B472-0151DF58F509}"
EndProject
Project("{9A19103F-16F7-4668-BE54-9A1E7A4F7556}") = "App.Common", "App.Common\App.Common.csproj", "{A36E5F5D-D721-4AFA-BFEE-A57CE28D0E1E}"
EndProject
Project("{9A19103F-16F7-4668-BE54-9A1E7A4F7556}") = "App.Service", "App.Service\App.Service.csproj", "{138B71D0-5886-441F-A4D1-705A564105E3}"
EndProject
Project("{9A19103F-16F7-4668-BE54-9A1E7A4F7556}") = "App.Infrastructure", "App.Infrastructure\App.Infrastructure.csproj", "{0713FAC7-E278-45B0-A43E-288A329DD3A2}"
EndProject
Project("{9A19103F-16F7-4668-BE54-9A1E7A4F7556}") = "App.WebAPI", "App.WebAPI\App.WebAPI.csproj", "{BD3B5423-C15A-4939-B5E9-56BAE52591CD}"
EndProject
Project("{9A19103F-16F7-4668-BE54-9A1E7A4F7556}") = "App.WebAngular", "App.WebAngular\App.WebAngular.csproj", "{C1B088BB-0E59-459E-8424-287E96695F52}"
EndProject
Project("{9A19103F-16F7-4668-BE54-9A1E7A4F7556}") = "App.Configuaration", "App.Configuaration\App.Configuaration.csproj", "{E7984D08-BE4E-4892-A4ED-E7EF333BC717}"
EndProject
Project("{2150E333-8FDC-42A3-9474-1A3956D46DE8}") = "SHARE", "SHARE", "{4746D45A-7FEA-4A04-9434-6CFDFA8FB05F}"
EndProject
Project("{2150E333-8FDC-42A3-9474-1A3956D46DE8}") = "CONFIGUARATION", "CONFIGUARATION", "{B2F16042-8368-49EF-AABB-AE368F7FE70E}"
EndProject
Project("{2150E333-8FDC-42A3-9474-1A3956D46DE8}") = "INFRASTRUCTURE", "INFRASTRUCTURE", "{F044707A-C00E-4CD3-B128-0CB1F4FD1C05}"
EndProject
Project("{2150E333-8FDC-42A3-9474-1A3956D46DE8}") = "DATA", "DATA", "{71D74B51-38E3-4FE7-A060-724CE15AA14B}"
EndProject
Project("{2150E333-8FDC-42A3-9474-1A3956D46DE8}") = "SERVICE", "SERVICE", "{2A65003A-F84E-4FF2-AC59-EF7142AA9E84}"
EndProject
Project("{2150E333-8FDC-42A3-9474-1A3956D46DE8}") = "WEB", "WEB", "{59D0E124-281D-4E8F-9075-39A5ED9AE2D8}"
EndProject
Project("{9A19103F-16F7-4668-BE54-9A1E7A4F7556}") = "App.Model", "App.Model\App.Model.csproj", "{812DBF3E-11C5-4C86-AC71-3D5C082FB080}"
EndProject
Project("{9A19103F-16F7-4668-BE54-9A1E7A4F7556}") = "App.CommonExtensions", "App.CommonExtensions\App.CommonExtensions.csproj", "{D6F4CF4D-BC5B-4401-AE57-5472110F30B4}"
EndProject
Project("{00D1A9C2-B5F0-4AF3-8072-F6C62B433612}") = "App.Database", "App.Database\App.Database.sqlproj", "{707ABE47-C8C8-4648-804B-F68A5236A7D0}"
EndProject
Global
	GlobalSection(SolutionConfigurationPlatforms) = preSolution
		Debug|Any CPU = Debug|Any CPU
		Release|Any CPU = Release|Any CPU
	EndGlobalSection
	GlobalSection(ProjectConfigurationPlatforms) = postSolution
		{2E96EE9B-21AC-4779-A07C-308B3C939F49}.Debug|Any CPU.ActiveCfg = Debug|Any CPU
		{2E96EE9B-21AC-4779-A07C-308B3C939F49}.Debug|Any CPU.Build.0 = Debug|Any CPU
		{2E96EE9B-21AC-4779-A07C-308B3C939F49}.Release|Any CPU.ActiveCfg = Release|Any CPU
		{2E96EE9B-21AC-4779-A07C-308B3C939F49}.Release|Any CPU.Build.0 = Release|Any CPU
		{AAC882E7-F42F-4C89-ACC1-045F2E3FE2C1}.Debug|Any CPU.ActiveCfg = Debug|Any CPU
		{AAC882E7-F42F-4C89-ACC1-045F2E3FE2C1}.Debug|Any CPU.Build.0 = Debug|Any CPU
		{AAC882E7-F42F-4C89-ACC1-045F2E3FE2C1}.Release|Any CPU.ActiveCfg = Release|Any CPU
		{AAC882E7-F42F-4C89-ACC1-045F2E3FE2C1}.Release|Any CPU.Build.0 = Release|Any CPU
		{2AE5A956-EC6A-4A77-B472-0151DF58F509}.Debug|Any CPU.ActiveCfg = Debug|Any CPU
		{2AE5A956-EC6A-4A77-B472-0151DF58F509}.Debug|Any CPU.Build.0 = Debug|Any CPU
		{2AE5A956-EC6A-4A77-B472-0151DF58F509}.Release|Any CPU.ActiveCfg = Release|Any CPU
		{2AE5A956-EC6A-4A77-B472-0151DF58F509}.Release|Any CPU.Build.0 = Release|Any CPU
		{A36E5F5D-D721-4AFA-BFEE-A57CE28D0E1E}.Debug|Any CPU.ActiveCfg = Debug|Any CPU
		{A36E5F5D-D721-4AFA-BFEE-A57CE28D0E1E}.Debug|Any CPU.Build.0 = Debug|Any CPU
		{A36E5F5D-D721-4AFA-BFEE-A57CE28D0E1E}.Release|Any CPU.ActiveCfg = Release|Any CPU
		{A36E5F5D-D721-4AFA-BFEE-A57CE28D0E1E}.Release|Any CPU.Build.0 = Release|Any CPU
		{138B71D0-5886-441F-A4D1-705A564105E3}.Debug|Any CPU.ActiveCfg = Debug|Any CPU
		{138B71D0-5886-441F-A4D1-705A564105E3}.Debug|Any CPU.Build.0 = Debug|Any CPU
		{138B71D0-5886-441F-A4D1-705A564105E3}.Release|Any CPU.ActiveCfg = Release|Any CPU
		{138B71D0-5886-441F-A4D1-705A564105E3}.Release|Any CPU.Build.0 = Release|Any CPU
		{0713FAC7-E278-45B0-A43E-288A329DD3A2}.Debug|Any CPU.ActiveCfg = Debug|Any CPU
		{0713FAC7-E278-45B0-A43E-288A329DD3A2}.Debug|Any CPU.Build.0 = Debug|Any CPU
		{0713FAC7-E278-45B0-A43E-288A329DD3A2}.Release|Any CPU.ActiveCfg = Release|Any CPU
		{0713FAC7-E278-45B0-A43E-288A329DD3A2}.Release|Any CPU.Build.0 = Release|Any CPU
		{BD3B5423-C15A-4939-B5E9-56BAE52591CD}.Debug|Any CPU.ActiveCfg = Debug|Any CPU
		{BD3B5423-C15A-4939-B5E9-56BAE52591CD}.Debug|Any CPU.Build.0 = Debug|Any CPU
		{BD3B5423-C15A-4939-B5E9-56BAE52591CD}.Release|Any CPU.ActiveCfg = Release|Any CPU
		{BD3B5423-C15A-4939-B5E9-56BAE52591CD}.Release|Any CPU.Build.0 = Release|Any CPU
		{C1B088BB-0E59-459E-8424-287E96695F52}.Debug|Any CPU.ActiveCfg = Debug|Any CPU
		{C1B088BB-0E59-459E-8424-287E96695F52}.Debug|Any CPU.Build.0 = Debug|Any CPU
		{C1B088BB-0E59-459E-8424-287E96695F52}.Release|Any CPU.ActiveCfg = Release|Any CPU
		{C1B088BB-0E59-459E-8424-287E96695F52}.Release|Any CPU.Build.0 = Release|Any CPU
		{E7984D08-BE4E-4892-A4ED-E7EF333BC717}.Debug|Any CPU.ActiveCfg = Debug|Any CPU
		{E7984D08-BE4E-4892-A4ED-E7EF333BC717}.Debug|Any CPU.Build.0 = Debug|Any CPU
		{E7984D08-BE4E-4892-A4ED-E7EF333BC717}.Release|Any CPU.ActiveCfg = Release|Any CPU
		{E7984D08-BE4E-4892-A4ED-E7EF333BC717}.Release|Any CPU.Build.0 = Release|Any CPU
		{812DBF3E-11C5-4C86-AC71-3D5C082FB080}.Debug|Any CPU.ActiveCfg = Debug|Any CPU
		{812DBF3E-11C5-4C86-AC71-3D5C082FB080}.Debug|Any CPU.Build.0 = Debug|Any CPU
		{812DBF3E-11C5-4C86-AC71-3D5C082FB080}.Release|Any CPU.ActiveCfg = Release|Any CPU
		{812DBF3E-11C5-4C86-AC71-3D5C082FB080}.Release|Any CPU.Build.0 = Release|Any CPU
		{D6F4CF4D-BC5B-4401-AE57-5472110F30B4}.Debug|Any CPU.ActiveCfg = Debug|Any CPU
		{D6F4CF4D-BC5B-4401-AE57-5472110F30B4}.Debug|Any CPU.Build.0 = Debug|Any CPU
		{D6F4CF4D-BC5B-4401-AE57-5472110F30B4}.Release|Any CPU.ActiveCfg = Release|Any CPU
		{D6F4CF4D-BC5B-4401-AE57-5472110F30B4}.Release|Any CPU.Build.0 = Release|Any CPU
		{707ABE47-C8C8-4648-804B-F68A5236A7D0}.Debug|Any CPU.ActiveCfg = Debug|Any CPU
		{707ABE47-C8C8-4648-804B-F68A5236A7D0}.Debug|Any CPU.Build.0 = Debug|Any CPU
		{707ABE47-C8C8-4648-804B-F68A5236A7D0}.Debug|Any CPU.Deploy.0 = Debug|Any CPU
		{707ABE47-C8C8-4648-804B-F68A5236A7D0}.Release|Any CPU.ActiveCfg = Release|Any CPU
		{707ABE47-C8C8-4648-804B-F68A5236A7D0}.Release|Any CPU.Build.0 = Release|Any CPU
		{707ABE47-C8C8-4648-804B-F68A5236A7D0}.Release|Any CPU.Deploy.0 = Release|Any CPU
	EndGlobalSection
	GlobalSection(SolutionProperties) = preSolution
		HideSolutionNode = FALSE
	EndGlobalSection
	GlobalSection(NestedProjects) = preSolution
		{2E96EE9B-21AC-4779-A07C-308B3C939F49} = {59D0E124-281D-4E8F-9075-39A5ED9AE2D8}
		{AAC882E7-F42F-4C89-ACC1-045F2E3FE2C1} = {71D74B51-38E3-4FE7-A060-724CE15AA14B}
		{2AE5A956-EC6A-4A77-B472-0151DF58F509} = {F044707A-C00E-4CD3-B128-0CB1F4FD1C05}
		{A36E5F5D-D721-4AFA-BFEE-A57CE28D0E1E} = {4746D45A-7FEA-4A04-9434-6CFDFA8FB05F}
		{138B71D0-5886-441F-A4D1-705A564105E3} = {2A65003A-F84E-4FF2-AC59-EF7142AA9E84}
		{0713FAC7-E278-45B0-A43E-288A329DD3A2} = {F044707A-C00E-4CD3-B128-0CB1F4FD1C05}
		{BD3B5423-C15A-4939-B5E9-56BAE52591CD} = {59D0E124-281D-4E8F-9075-39A5ED9AE2D8}
		{C1B088BB-0E59-459E-8424-287E96695F52} = {59D0E124-281D-4E8F-9075-39A5ED9AE2D8}
		{E7984D08-BE4E-4892-A4ED-E7EF333BC717} = {B2F16042-8368-49EF-AABB-AE368F7FE70E}
		{812DBF3E-11C5-4C86-AC71-3D5C082FB080} = {71D74B51-38E3-4FE7-A060-724CE15AA14B}
		{D6F4CF4D-BC5B-4401-AE57-5472110F30B4} = {4746D45A-7FEA-4A04-9434-6CFDFA8FB05F}
		{707ABE47-C8C8-4648-804B-F68A5236A7D0} = {71D74B51-38E3-4FE7-A060-724CE15AA14B}
	EndGlobalSection
	GlobalSection(ExtensibilityGlobals) = postSolution
		SolutionGuid = {D981D3EC-34BF-4079-8F72-1A75D9C49D0E}
	EndGlobalSection
EndGlobal
